
Microsoft Visual Studio Solution File, Format Version 12.00
# Visual Studio Version 16
VisualStudioVersion = 16.0.29613.14
MinimumVisualStudioVersion = 10.0.40219.1
Project("{FAE04EC0-301F-11D3-BF4B-00C04F79EFBC}") = "ConsoleCalculator", "ConsoleCalculator\ConsoleCalculator.csproj", "{2886B23A-356A-4C9C-9887-3C9A3E48683F}"
EndProject
Project("{FAE04EC0-301F-11D3-BF4B-00C04F79EFBC}") = "ConsoleCalculator.Tests", "ConsoleCalculator.Tests\ConsoleCalculator.Tests.csproj", "{D2E503B2-5FE7-408A-86B2-6EBC9BA60F11}"
EndProject
Global
	GlobalSection(SolutionConfigurationPlatforms) = preSolution
		Debug|Any CPU = Debug|Any CPU
		Release|Any CPU = Release|Any CPU
	EndGlobalSection
	GlobalSection(ProjectConfigurationPlatforms) = postSolution
		{2886B23A-356A-4C9C-9887-3C9A3E48683F}.Debug|Any CPU.ActiveCfg = Debug|Any CPU
		{2886B23A-356A-4C9C-9887-3C9A3E48683F}.Debug|Any CPU.Build.0 = Debug|Any CPU
		{2886B23A-356A-4C9C-9887-3C9A3E48683F}.Release|Any CPU.ActiveCfg = Release|Any CPU
		{2886B23A-356A-4C9C-9887-3C9A3E48683F}.Release|Any CPU.Build.0 = Release|Any CPU
		{D2E503B2-5FE7-408A-86B2-6EBC9BA60F11}.Debug|Any CPU.ActiveCfg = Debug|Any CPU
		{D2E503B2-5FE7-408A-86B2-6EBC9BA60F11}.Debug|Any CPU.Build.0 = Debug|Any CPU
		{D2E503B2-5FE7-408A-86B2-6EBC9BA60F11}.Release|Any CPU.ActiveCfg = Release|Any CPU
		{D2E503B2-5FE7-408A-86B2-6EBC9BA60F11}.Release|Any CPU.Build.0 = Release|Any CPU
	EndGlobalSection
	GlobalSection(SolutionProperties) = preSolution
		HideSolutionNode = FALSE
	EndGlobalSection
	GlobalSection(ExtensibilityGlobals) = postSolution
		SolutionGuid = {1909726D-6E25-4A19-AABC-3AF65E238623}
	EndGlobalSection
EndGlobal
