
Microsoft Visual Studio Solution File, Format Version 12.00
# Visual Studio Version 16
VisualStudioVersion = 16.0.29613.14
MinimumVisualStudioVersion = 10.0.40219.1
Project("{FAE04EC0-301F-11D3-BF4B-00C04F79EFBC}") = "ArtList", "ArtList\ArtList.csproj", "{60866953-47CA-434E-B768-2879567D1D8B}"
EndProject
Project("{FAE04EC0-301F-11D3-BF4B-00C04F79EFBC}") = "ArtList.Tests", "ArtList.Tests\ArtList.Tests.csproj", "{F4D8CB5A-CDD1-40AE-A9E3-3132A3F4F98F}"
EndProject
Global
	GlobalSection(SolutionConfigurationPlatforms) = preSolution
		Debug|Any CPU = Debug|Any CPU
		Release|Any CPU = Release|Any CPU
	EndGlobalSection
	GlobalSection(ProjectConfigurationPlatforms) = postSolution
		{60866953-47CA-434E-B768-2879567D1D8B}.Debug|Any CPU.ActiveCfg = Debug|Any CPU
		{60866953-47CA-434E-B768-2879567D1D8B}.Debug|Any CPU.Build.0 = Debug|Any CPU
		{60866953-47CA-434E-B768-2879567D1D8B}.Release|Any CPU.ActiveCfg = Release|Any CPU
		{60866953-47CA-434E-B768-2879567D1D8B}.Release|Any CPU.Build.0 = Release|Any CPU
		{F4D8CB5A-CDD1-40AE-A9E3-3132A3F4F98F}.Debug|Any CPU.ActiveCfg = Debug|Any CPU
		{F4D8CB5A-CDD1-40AE-A9E3-3132A3F4F98F}.Debug|Any CPU.Build.0 = Debug|Any CPU
		{F4D8CB5A-CDD1-40AE-A9E3-3132A3F4F98F}.Release|Any CPU.ActiveCfg = Release|Any CPU
		{F4D8CB5A-CDD1-40AE-A9E3-3132A3F4F98F}.Release|Any CPU.Build.0 = Release|Any CPU
	EndGlobalSection
	GlobalSection(SolutionProperties) = preSolution
		HideSolutionNode = FALSE
	EndGlobalSection
	GlobalSection(ExtensibilityGlobals) = postSolution
		SolutionGuid = {92AB3982-D3E3-49A4-977C-F234DE748FBF}
	EndGlobalSection
EndGlobal
